
Microsoft Visual Studio Solution File, Format Version 12.00
# Visual Studio 14
VisualStudioVersion = 14.0.25420.1
MinimumVisualStudioVersion = 10.0.40219.1
Project("{FAE04EC0-301F-11D3-BF4B-00C04F79EFBC}") = "gstNegocio", "gstNegocio\gstNegocio.csproj", "{45A4B539-CE9E-41A5-AF25-FCB570CDE25E}"
EndProject
Project("{FAE04EC0-301F-11D3-BF4B-00C04F79EFBC}") = "gstDatos", "gstDatos\gstDatos.csproj", "{02C6B9D8-5A13-4295-9A90-129AEEDFEEC3}"
EndProject
Project("{FAE04EC0-301F-11D3-BF4B-00C04F79EFBC}") = "gstPresentacion", "gstPresentacion\gstPresentacion.csproj", "{B0673DFC-22E2-4ACD-A00A-4233FB5CBA10}"
EndProject
Global
	GlobalSection(SolutionConfigurationPlatforms) = preSolution
		Debug|Any CPU = Debug|Any CPU
		Release|Any CPU = Release|Any CPU
	EndGlobalSection
	GlobalSection(ProjectConfigurationPlatforms) = postSolution
		{45A4B539-CE9E-41A5-AF25-FCB570CDE25E}.Debug|Any CPU.ActiveCfg = Debug|Any CPU
		{45A4B539-CE9E-41A5-AF25-FCB570CDE25E}.Debug|Any CPU.Build.0 = Debug|Any CPU
		{45A4B539-CE9E-41A5-AF25-FCB570CDE25E}.Release|Any CPU.ActiveCfg = Release|Any CPU
		{45A4B539-CE9E-41A5-AF25-FCB570CDE25E}.Release|Any CPU.Build.0 = Release|Any CPU
		{02C6B9D8-5A13-4295-9A90-129AEEDFEEC3}.Debug|Any CPU.ActiveCfg = Debug|Any CPU
		{02C6B9D8-5A13-4295-9A90-129AEEDFEEC3}.Debug|Any CPU.Build.0 = Debug|Any CPU
		{02C6B9D8-5A13-4295-9A90-129AEEDFEEC3}.Release|Any CPU.ActiveCfg = Release|Any CPU
		{02C6B9D8-5A13-4295-9A90-129AEEDFEEC3}.Release|Any CPU.Build.0 = Release|Any CPU
		{B0673DFC-22E2-4ACD-A00A-4233FB5CBA10}.Debug|Any CPU.ActiveCfg = Debug|Any CPU
		{B0673DFC-22E2-4ACD-A00A-4233FB5CBA10}.Debug|Any CPU.Build.0 = Debug|Any CPU
		{B0673DFC-22E2-4ACD-A00A-4233FB5CBA10}.Release|Any CPU.ActiveCfg = Release|Any CPU
		{B0673DFC-22E2-4ACD-A00A-4233FB5CBA10}.Release|Any CPU.Build.0 = Release|Any CPU
	EndGlobalSection
	GlobalSection(SolutionProperties) = preSolution
		HideSolutionNode = FALSE
	EndGlobalSection
EndGlobal
